
Microsoft Visual Studio Solution File, Format Version 12.00
# Visual Studio Version 17
VisualStudioVersion = 17.5.33414.496
MinimumVisualStudioVersion = 10.0.40219.1
Project("{FAE04EC0-301F-11D3-BF4B-00C04F79EFBC}") = "DatabaseProgramming", "DatabaseProgramming\DatabaseProgramming.csproj", "{5B36DAC4-478F-4D17-9244-BDD8F218834A}"
EndProject
Global
	GlobalSection(SolutionConfigurationPlatforms) = preSolution
		Debug|Any CPU = Debug|Any CPU
		Release|Any CPU = Release|Any CPU
	EndGlobalSection
	GlobalSection(ProjectConfigurationPlatforms) = postSolution
		{5B36DAC4-478F-4D17-9244-BDD8F218834A}.Debug|Any CPU.ActiveCfg = Debug|Any CPU
		{5B36DAC4-478F-4D17-9244-BDD8F218834A}.Debug|Any CPU.Build.0 = Debug|Any CPU
		{5B36DAC4-478F-4D17-9244-BDD8F218834A}.Release|Any CPU.ActiveCfg = Release|Any CPU
		{5B36DAC4-478F-4D17-9244-BDD8F218834A}.Release|Any CPU.Build.0 = Release|Any CPU
	EndGlobalSection
	GlobalSection(SolutionProperties) = preSolution
		HideSolutionNode = FALSE
	EndGlobalSection
	GlobalSection(ExtensibilityGlobals) = postSolution
		SolutionGuid = {509F4B21-0D4C-4A15-BF5C-B10AF8B5DC22}
	EndGlobalSection
EndGlobal
